{
  "name": "@puppedo/atoms",
  "version": "4.0.5",
  "lockfileVersion": 1,
  "requires": true,
  "dependencies": {
    "@puppedo/atoms-core": {
      "version": "2.1.2",
      "resolved": "https://registry.npmjs.org/@puppedo/atoms-core/-/atoms-core-2.1.2.tgz",
      "integrity": "sha512-q9I9BVaJlTru1+VLgSNuTHqo0BwtfakVjyTB2B9B6WKkk5Bl2dYlxkJDRqcN1nK3W9WguLfFSP/OpWvr/IiIIA=="
    }
  }
}
