{
  "name": "@puppedo/atoms",
  "version": "1.5.0",
  "lockfileVersion": 1,
  "requires": true,
  "dependencies": {
    "@puppedo/atoms-core": {
      "version": "1.0.0",
      "resolved": "https://registry.npmjs.org/@puppedo/atoms-core/-/atoms-core-1.0.0.tgz",
      "integrity": "sha512-u1NI2Vrk3Pg39CglwHWZJwrTn2DxlKff7fc+DgrjRbhmdc/l0H4F2SMJZya7Qha65z6nmQLGOTVgb1Ibbnu14A=="
    }
  }
}
