{
  "name": "@puppedo/atoms",
  "version": "3.5.1",
  "lockfileVersion": 1,
  "requires": true,
  "dependencies": {
    "@puppedo/atoms-core": {
      "version": "1.3.4",
      "resolved": "https://registry.npmjs.org/@puppedo/atoms-core/-/atoms-core-1.3.4.tgz",
      "integrity": "sha512-ayUpDCk0mbZcbVCnWQuZF897AcYBqMFc3FTn53+IxIFG+YfEO/sO4fW+TDaAXX7QQaR/GW8yE8eEaTQt4DeUlQ=="
    }
  }
}
